// !$*UTF8*$!
{
	archiveVersion = 1;
	classes = {
	};
	objectVersion = 50;
	objects = {

/* Begin PBXBuildFile section */
		110B869D23ECA0D100D51523 /* AppDelegate.swift in Sources */ = {isa = PBXBuildFile; fileRef = 110B869C23ECA0D100D51523 /* AppDelegate.swift */; };
		110B869F23ECA0D100D51523 /* SceneDelegate.swift in Sources */ = {isa = PBXBuildFile; fileRef = 110B869E23ECA0D100D51523 /* SceneDelegate.swift */; };
		110B86A123ECA0D100D51523 /* ContentView.swift in Sources */ = {isa = PBXBuildFile; fileRef = 110B86A023ECA0D100D51523 /* ContentView.swift */; };
		110B86A323ECA0D600D51523 /* Assets.xcassets in Resources */ = {isa = PBXBuildFile; fileRef = 110B86A223ECA0D600D51523 /* Assets.xcassets */; };
		110B86A623ECA0D600D51523 /* Preview Assets.xcassets in Resources */ = {isa = PBXBuildFile; fileRef = 110B86A523ECA0D600D51523 /* Preview Assets.xcassets */; };
		110B86A923ECA0D600D51523 /* LaunchScreen.storyboard in Resources */ = {isa = PBXBuildFile; fileRef = 110B86A723ECA0D600D51523 /* LaunchScreen.storyboard */; };
		110B86B423ECA0D600D51523 /* TopMoviesTests.swift in Sources */ = {isa = PBXBuildFile; fileRef = 110B86B323ECA0D600D51523 /* TopMoviesTests.swift */; };
		110B86BF23ECA14F00D51523 /* Movie.swift in Sources */ = {isa = PBXBuildFile; fileRef = 110B86BE23ECA14F00D51523 /* Movie.swift */; };
		110B86C323ECA18B00D51523 /* MovieStore.swift in Sources */ = {isa = PBXBuildFile; fileRef = 110B86C123ECA18A00D51523 /* MovieStore.swift */; };
		110B86C423ECA18B00D51523 /* MovieStoreAPIError.swift in Sources */ = {isa = PBXBuildFile; fileRef = 110B86C223ECA18B00D51523 /* MovieStoreAPIError.swift */; };
		110B86C723ECA1DB00D51523 /* MovieService.swift in Sources */ = {isa = PBXBuildFile; fileRef = 110B86C623ECA1DB00D51523 /* MovieService.swift */; };
		110B86CA23ECA34E00D51523 /* MoviesViewModel.swift in Sources */ = {isa = PBXBuildFile; fileRef = 110B86C923ECA34E00D51523 /* MoviesViewModel.swift */; };
		110B86CC23ECB5E500D51523 /* ImageService.swift in Sources */ = {isa = PBXBuildFile; fileRef = 110B86CB23ECB5E500D51523 /* ImageService.swift */; };
		110B86CF23EDC20300D51523 /* PopularityBadge.swift in Sources */ = {isa = PBXBuildFile; fileRef = 110B86CE23EDC20300D51523 /* PopularityBadge.swift */; };
		110B86D123EDC22000D51523 /* MoviePosterImage.swift in Sources */ = {isa = PBXBuildFile; fileRef = 110B86D023EDC22000D51523 /* MoviePosterImage.swift */; };
		110B86D323EDC23D00D51523 /* PosterStyle.swift in Sources */ = {isa = PBXBuildFile; fileRef = 110B86D223EDC23D00D51523 /* PosterStyle.swift */; };
		110B86D623EDC2DC00D51523 /* ImageLoader.swift in Sources */ = {isa = PBXBuildFile; fileRef = 110B86D523EDC2DC00D51523 /* ImageLoader.swift */; };
		110B86D923F1B2A500D51523 /* Default-568h@2x.png in Resources */ = {isa = PBXBuildFile; fileRef = 110B86D823F1B2A500D51523 /* Default-568h@2x.png */; };
/* End PBXBuildFile section */

/* Begin PBXContainerItemProxy section */
		110B86B023ECA0D600D51523 /* PBXContainerItemProxy */ = {
			isa = PBXContainerItemProxy;
			containerPortal = 110B869123ECA0D100D51523 /* Project object */;
			proxyType = 1;
			remoteGlobalIDString = 110B869823ECA0D100D51523;
			remoteInfo = TopMovies;
		};
/* End PBXContainerItemProxy section */

/* Begin PBXFileReference section */
		110B869923ECA0D100D51523 /* TopMovies.app */ = {isa = PBXFileReference; explicitFileType = wrapper.application; includeInIndex = 0; path = TopMovies.app; sourceTree = BUILT_PRODUCTS_DIR; };
		110B869C23ECA0D100D51523 /* AppDelegate.swift */ = {isa = PBXFileReference; lastKnownFileType = sourcecode.swift; path = AppDelegate.swift; sourceTree = "<group>"; };
		110B869E23ECA0D100D51523 /* SceneDelegate.swift */ = {isa = PBXFileReference; lastKnownFileType = sourcecode.swift; path = SceneDelegate.swift; sourceTree = "<group>"; };
		110B86A023ECA0D100D51523 /* ContentView.swift */ = {isa = PBXFileReference; lastKnownFileType = sourcecode.swift; path = ContentView.swift; sourceTree = "<group>"; };
		110B86A223ECA0D600D51523 /* Assets.xcassets */ = {isa = PBXFileReference; lastKnownFileType = folder.assetcatalog; path = Assets.xcassets; sourceTree = "<group>"; };
		110B86A523ECA0D600D51523 /* Preview Assets.xcassets */ = {isa = PBXFileReference; lastKnownFileType = folder.assetcatalog; path = "Preview Assets.xcassets"; sourceTree = "<group>"; };
		110B86A823ECA0D600D51523 /* Base */ = {isa = PBXFileReference; lastKnownFileType = file.storyboard; name = Base; path = Base.lproj/LaunchScreen.storyboard; sourceTree = "<group>"; };
		110B86AA23ECA0D600D51523 /* Info.plist */ = {isa = PBXFileReference; lastKnownFileType = text.plist.xml; path = Info.plist; sourceTree = "<group>"; };
		110B86AF23ECA0D600D51523 /* TopMoviesTests.xctest */ = {isa = PBXFileReference; explicitFileType = wrapper.cfbundle; includeInIndex = 0; path = TopMoviesTests.xctest; sourceTree = BUILT_PRODUCTS_DIR; };
		110B86B323ECA0D600D51523 /* TopMoviesTests.swift */ = {isa = PBXFileReference; lastKnownFileType = sourcecode.swift; path = TopMoviesTests.swift; sourceTree = "<group>"; };
		110B86B523ECA0D600D51523 /* Info.plist */ = {isa = PBXFileReference; lastKnownFileType = text.plist.xml; path = Info.plist; sourceTree = "<group>"; };
		110B86BE23ECA14F00D51523 /* Movie.swift */ = {isa = PBXFileReference; fileEncoding = 4; lastKnownFileType = sourcecode.swift; path = Movie.swift; sourceTree = "<group>"; };
		110B86C123ECA18A00D51523 /* MovieStore.swift */ = {isa = PBXFileReference; fileEncoding = 4; lastKnownFileType = sourcecode.swift; path = MovieStore.swift; sourceTree = "<group>"; };
		110B86C223ECA18B00D51523 /* MovieStoreAPIError.swift */ = {isa = PBXFileReference; fileEncoding = 4; lastKnownFileType = sourcecode.swift; path = MovieStoreAPIError.swift; sourceTree = "<group>"; };
		110B86C623ECA1DB00D51523 /* MovieService.swift */ = {isa = PBXFileReference; fileEncoding = 4; lastKnownFileType = sourcecode.swift; path = MovieService.swift; sourceTree = "<group>"; };
		110B86C923ECA34E00D51523 /* MoviesViewModel.swift */ = {isa = PBXFileReference; lastKnownFileType = sourcecode.swift; path = MoviesViewModel.swift; sourceTree = "<group>"; };
		110B86CB23ECB5E500D51523 /* ImageService.swift */ = {isa = PBXFileReference; lastKnownFileType = sourcecode.swift; path = ImageService.swift; sourceTree = "<group>"; };
		110B86CE23EDC20300D51523 /* PopularityBadge.swift */ = {isa = PBXFileReference; lastKnownFileType = sourcecode.swift; path = PopularityBadge.swift; sourceTree = "<group>"; };
		110B86D023EDC22000D51523 /* MoviePosterImage.swift */ = {isa = PBXFileReference; lastKnownFileType = sourcecode.swift; path = MoviePosterImage.swift; sourceTree = "<group>"; };
		110B86D223EDC23D00D51523 /* PosterStyle.swift */ = {isa = PBXFileReference; lastKnownFileType = sourcecode.swift; path = PosterStyle.swift; sourceTree = "<group>"; };
		110B86D523EDC2DC00D51523 /* ImageLoader.swift */ = {isa = PBXFileReference; lastKnownFileType = sourcecode.swift; path = ImageLoader.swift; sourceTree = "<group>"; };
		110B86D823F1B2A500D51523 /* Default-568h@2x.png */ = {isa = PBXFileReference; lastKnownFileType = image.png; path = "Default-568h@2x.png"; sourceTree = "<group>"; };
/* End PBXFileReference section */

/* Begin PBXFrameworksBuildPhase section */
		110B869623ECA0D100D51523 /* Frameworks */ = {
			isa = PBXFrameworksBuildPhase;
			buildActionMask = 2147483647;
			files = (
			);
			runOnlyForDeploymentPostprocessing = 0;
		};
		110B86AC23ECA0D600D51523 /* Frameworks */ = {
			isa = PBXFrameworksBuildPhase;
			buildActionMask = 2147483647;
			files = (
			);
			runOnlyForDeploymentPostprocessing = 0;
		};
/* End PBXFrameworksBuildPhase section */

/* Begin PBXGroup section */
		110B869023ECA0D100D51523 = {
			isa = PBXGroup;
			children = (
				110B86D823F1B2A500D51523 /* Default-568h@2x.png */,
				110B869B23ECA0D100D51523 /* TopMovies */,
				110B86B223ECA0D600D51523 /* TopMoviesTests */,
				110B869A23ECA0D100D51523 /* Products */,
			);
			sourceTree = "<group>";
		};
		110B869A23ECA0D100D51523 /* Products */ = {
			isa = PBXGroup;
			children = (
				110B869923ECA0D100D51523 /* TopMovies.app */,
				110B86AF23ECA0D600D51523 /* TopMoviesTests.xctest */,
			);
			name = Products;
			sourceTree = "<group>";
		};
		110B869B23ECA0D100D51523 /* TopMovies */ = {
			isa = PBXGroup;
			children = (
				110B869C23ECA0D100D51523 /* AppDelegate.swift */,
				110B869E23ECA0D100D51523 /* SceneDelegate.swift */,
				110B86CD23EDC1B200D51523 /* View */,
				110B86C023ECA16600D51523 /* Model */,
				110B86C523ECA19F00D51523 /* MovieService */,
				110B86A223ECA0D600D51523 /* Assets.xcassets */,
				110B86A723ECA0D600D51523 /* LaunchScreen.storyboard */,
				110B86AA23ECA0D600D51523 /* Info.plist */,
				110B86A423ECA0D600D51523 /* Preview Content */,
			);
			path = TopMovies;
			sourceTree = "<group>";
		};
		110B86A423ECA0D600D51523 /* Preview Content */ = {
			isa = PBXGroup;
			children = (
				110B86A523ECA0D600D51523 /* Preview Assets.xcassets */,
			);
			path = "Preview Content";
			sourceTree = "<group>";
		};
		110B86B223ECA0D600D51523 /* TopMoviesTests */ = {
			isa = PBXGroup;
			children = (
				110B86B323ECA0D600D51523 /* TopMoviesTests.swift */,
				110B86B523ECA0D600D51523 /* Info.plist */,
			);
			path = TopMoviesTests;
			sourceTree = "<group>";
		};
		110B86C023ECA16600D51523 /* Model */ = {
			isa = PBXGroup;
			children = (
				110B86BE23ECA14F00D51523 /* Movie.swift */,
				110B86C923ECA34E00D51523 /* MoviesViewModel.swift */,
			);
			name = Model;
			sourceTree = "<group>";
		};
		110B86C523ECA19F00D51523 /* MovieService */ = {
			isa = PBXGroup;
			children = (
				110B86D423EDC29A00D51523 /* ImageService */,
				110B86D723EDC30000D51523 /* MovieService */,
			);
			name = MovieService;
			sourceTree = "<group>";
		};
		110B86C823ECA1E300D51523 /* Protocol */ = {
			isa = PBXGroup;
			children = (
				110B86C623ECA1DB00D51523 /* MovieService.swift */,
			);
			path = Protocol;
			sourceTree = "<group>";
		};
		110B86CD23EDC1B200D51523 /* View */ = {
			isa = PBXGroup;
			children = (
				110B86A023ECA0D100D51523 /* ContentView.swift */,
				110B86CE23EDC20300D51523 /* PopularityBadge.swift */,
				110B86D023EDC22000D51523 /* MoviePosterImage.swift */,
				110B86D223EDC23D00D51523 /* PosterStyle.swift */,
			);
			name = View;
			sourceTree = "<group>";
		};
		110B86D423EDC29A00D51523 /* ImageService */ = {
			isa = PBXGroup;
			children = (
				110B86CB23ECB5E500D51523 /* ImageService.swift */,
				110B86D523EDC2DC00D51523 /* ImageLoader.swift */,
			);
			path = ImageService;
			sourceTree = "<group>";
		};
		110B86D723EDC30000D51523 /* MovieService */ = {
			isa = PBXGroup;
			children = (
				110B86C223ECA18B00D51523 /* MovieStoreAPIError.swift */,
				110B86C123ECA18A00D51523 /* MovieStore.swift */,
				110B86C823ECA1E300D51523 /* Protocol */,
			);
			name = MovieService;
			sourceTree = "<group>";
		};
/* End PBXGroup section */

/* Begin PBXNativeTarget section */
		110B869823ECA0D100D51523 /* TopMovies */ = {
			isa = PBXNativeTarget;
			buildConfigurationList = 110B86B823ECA0D600D51523 /* Build configuration list for PBXNativeTarget "TopMovies" */;
			buildPhases = (
				110B869523ECA0D100D51523 /* Sources */,
				110B869623ECA0D100D51523 /* Frameworks */,
				110B869723ECA0D100D51523 /* Resources */,
			);
			buildRules = (
			);
			dependencies = (
			);
			name = TopMovies;
			productName = TopMovies;
			productReference = 110B869923ECA0D100D51523 /* TopMovies.app */;
			productType = "com.apple.product-type.application";
		};
		110B86AE23ECA0D600D51523 /* TopMoviesTests */ = {
			isa = PBXNativeTarget;
			buildConfigurationList = 110B86BB23ECA0D600D51523 /* Build configuration list for PBXNativeTarget "TopMoviesTests" */;
			buildPhases = (
				110B86AB23ECA0D600D51523 /* Sources */,
				110B86AC23ECA0D600D51523 /* Frameworks */,
				110B86AD23ECA0D600D51523 /* Resources */,
			);
			buildRules = (
			);
			dependencies = (
				110B86B123ECA0D600D51523 /* PBXTargetDependency */,
			);
			name = TopMoviesTests;
			productName = TopMoviesTests;
			productReference = 110B86AF23ECA0D600D51523 /* TopMoviesTests.xctest */;
			productType = "com.apple.product-type.bundle.unit-test";
		};
/* End PBXNativeTarget section */

/* Begin PBXProject section */
		110B869123ECA0D100D51523 /* Project object */ = {
			isa = PBXProject;
			attributes = {
				LastSwiftUpdateCheck = 1130;
				LastUpgradeCheck = 1130;
				ORGANIZATIONNAME = "Nikita Glushchenko";
				TargetAttributes = {
					110B869823ECA0D100D51523 = {
						CreatedOnToolsVersion = 11.3.1;
					};
					110B86AE23ECA0D600D51523 = {
						CreatedOnToolsVersion = 11.3.1;
						TestTargetID = 110B869823ECA0D100D51523;
					};
				};
			};
			buildConfigurationList = 110B869423ECA0D100D51523 /* Build configuration list for PBXProject "TopMovies" */;
			compatibilityVersion = "Xcode 9.3";
			developmentRegion = en;
			hasScannedForEncodings = 0;
			knownRegions = (
				en,
				Base,
			);
			mainGroup = 110B869023ECA0D100D51523;
			productRefGroup = 110B869A23ECA0D100D51523 /* Products */;
			projectDirPath = "";
			projectRoot = "";
			targets = (
				110B869823ECA0D100D51523 /* TopMovies */,
				110B86AE23ECA0D600D51523 /* TopMoviesTests */,
			);
		};
/* End PBXProject section */

/* Begin PBXResourcesBuildPhase section */
		110B869723ECA0D100D51523 /* Resources */ = {
			isa = PBXResourcesBuildPhase;
			buildActionMask = 2147483647;
			files = (
				110B86A923ECA0D600D51523 /* LaunchScreen.storyboard in Resources */,
				110B86D923F1B2A500D51523 /* Default-568h@2x.png in Resources */,
				110B86A623ECA0D600D51523 /* Preview Assets.xcassets in Resources */,
				110B86A323ECA0D600D51523 /* Assets.xcassets in Resources */,
			);
			runOnlyForDeploymentPostprocessing = 0;
		};
		110B86AD23ECA0D600D51523 /* Resources */ = {
			isa = PBXResourcesBuildPhase;
			buildActionMask = 2147483647;
			files = (
			);
			runOnlyForDeploymentPostprocessing = 0;
		};
/* End PBXResourcesBuildPhase section */

/* Begin PBXSourcesBuildPhase section */
		110B869523ECA0D100D51523 /* Sources */ = {
			isa = PBXSourcesBuildPhase;
			buildActionMask = 2147483647;
			files = (
				110B869D23ECA0D100D51523 /* AppDelegate.swift in Sources */,
				110B869F23ECA0D100D51523 /* SceneDelegate.swift in Sources */,
				110B86CC23ECB5E500D51523 /* ImageService.swift in Sources */,
				110B86C423ECA18B00D51523 /* MovieStoreAPIError.swift in Sources */,
				110B86BF23ECA14F00D51523 /* Movie.swift in Sources */,
				110B86A123ECA0D100D51523 /* ContentView.swift in Sources */,
				110B86D323EDC23D00D51523 /* PosterStyle.swift in Sources */,
				110B86C323ECA18B00D51523 /* MovieStore.swift in Sources */,
				110B86C723ECA1DB00D51523 /* MovieService.swift in Sources */,
				110B86D123EDC22000D51523 /* MoviePosterImage.swift in Sources */,
				110B86CF23EDC20300D51523 /* PopularityBadge.swift in Sources */,
				110B86CA23ECA34E00D51523 /* MoviesViewModel.swift in Sources */,
				110B86D623EDC2DC00D51523 /* ImageLoader.swift in Sources */,
			);
			runOnlyForDeploymentPostprocessing = 0;
		};
		110B86AB23ECA0D600D51523 /* Sources */ = {
			isa = PBXSourcesBuildPhase;
			buildActionMask = 2147483647;
			files = (
				110B86B423ECA0D600D51523 /* TopMoviesTests.swift in Sources */,
			);
			runOnlyForDeploymentPostprocessing = 0;
		};
/* End PBXSourcesBuildPhase section */

/* Begin PBXTargetDependency section */
		110B86B123ECA0D600D51523 /* PBXTargetDependency */ = {
			isa = PBXTargetDependency;
			target = 110B869823ECA0D100D51523 /* TopMovies */;
			targetProxy = 110B86B023ECA0D600D51523 /* PBXContainerItemProxy */;
		};
/* End PBXTargetDependency section */

/* Begin PBXVariantGroup section */
		110B86A723ECA0D600D51523 /* LaunchScreen.storyboard */ = {
			isa = PBXVariantGroup;
			children = (
				110B86A823ECA0D600D51523 /* Base */,
			);
			name = LaunchScreen.storyboard;
			sourceTree = "<group>";
		};
/* End PBXVariantGroup section */

/* Begin XCBuildConfiguration section */
		110B86B623ECA0D600D51523 /* Debug */ = {
			isa = XCBuildConfiguration;
			buildSettings = {
				ALWAYS_SEARCH_USER_PATHS = NO;
				CLANG_ANALYZER_NONNULL = YES;
				CLANG_ANALYZER_NUMBER_OBJECT_CONVERSION = YES_AGGRESSIVE;
				CLANG_CXX_LANGUAGE_STANDARD = "gnu++14";
				CLANG_CXX_LIBRARY = "libc++";
				CLANG_ENABLE_MODULES = YES;
				CLANG_ENABLE_OBJC_ARC = YES;
				CLANG_ENABLE_OBJC_WEAK = YES;
				CLANG_WARN_BLOCK_CAPTURE_AUTORELEASING = YES;
				CLANG_WARN_BOOL_CONVERSION = YES;
				CLANG_WARN_COMMA = YES;
				CLANG_WARN_CONSTANT_CONVERSION = YES;
				CLANG_WARN_DEPRECATED_OBJC_IMPLEMENTATIONS = YES;
				CLANG_WARN_DIRECT_OBJC_ISA_USAGE = YES_ERROR;
				CLANG_WARN_DOCUMENTATION_COMMENTS = YES;
				CLANG_WARN_EMPTY_BODY = YES;
				CLANG_WARN_ENUM_CONVERSION = YES;
				CLANG_WARN_INFINITE_RECURSION = YES;
				CLANG_WARN_INT_CONVERSION = YES;
				CLANG_WARN_NON_LITERAL_NULL_CONVERSION = YES;
				CLANG_WARN_OBJC_IMPLICIT_RETAIN_SELF = YES;
				CLANG_WARN_OBJC_LITERAL_CONVERSION = YES;
				CLANG_WARN_OBJC_ROOT_CLASS = YES_ERROR;
				CLANG_WARN_RANGE_LOOP_ANALYSIS = YES;
				CLANG_WARN_STRICT_PROTOTYPES = YES;
				CLANG_WARN_SUSPICIOUS_MOVE = YES;
				CLANG_WARN_UNGUARDED_AVAILABILITY = YES_AGGRESSIVE;
				CLANG_WARN_UNREACHABLE_CODE = YES;
				CLANG_WARN__DUPLICATE_METHOD_MATCH = YES;
				COPY_PHASE_STRIP = NO;
				DEBUG_INFORMATION_FORMAT = dwarf;
				ENABLE_STRICT_OBJC_MSGSEND = YES;
				ENABLE_TESTABILITY = YES;
				GCC_C_LANGUAGE_STANDARD = gnu11;
				GCC_DYNAMIC_NO_PIC = NO;
				GCC_NO_COMMON_BLOCKS = YES;
				GCC_OPTIMIZATION_LEVEL = 0;
				GCC_PREPROCESSOR_DEFINITIONS = (
					"DEBUG=1",
					"$(inherited)",
				);
				GCC_WARN_64_TO_32_BIT_CONVERSION = YES;
				GCC_WARN_ABOUT_RETURN_TYPE = YES_ERROR;
				GCC_WARN_UNDECLARED_SELECTOR = YES;
				GCC_WARN_UNINITIALIZED_AUTOS = YES_AGGRESSIVE;
				GCC_WARN_UNUSED_FUNCTION = YES;
				GCC_WARN_UNUSED_VARIABLE = YES;
				IPHONEOS_DEPLOYMENT_TARGET = 13.2;
				MTL_ENABLE_DEBUG_INFO = INCLUDE_SOURCE;
				MTL_FAST_MATH = YES;
				ONLY_ACTIVE_ARCH = YES;
				SDKROOT = iphoneos;
				SWIFT_ACTIVE_COMPILATION_CONDITIONS = DEBUG;
				SWIFT_OPTIMIZATION_LEVEL = "-Onone";
			};
			name = Debug;
		};
		110B86B723ECA0D600D51523 /* Release */ = {
			isa = XCBuildConfiguration;
			buildSettings = {
				ALWAYS_SEARCH_USER_PATHS = NO;
				CLANG_ANALYZER_NONNULL = YES;
				CLANG_ANALYZER_NUMBER_OBJECT_CONVERSION = YES_AGGRESSIVE;
				CLANG_CXX_LANGUAGE_STANDARD = "gnu++14";
				CLANG_CXX_LIBRARY = "libc++";
				CLANG_ENABLE_MODULES = YES;
				CLANG_ENABLE_OBJC_ARC = YES;
				CLANG_ENABLE_OBJC_WEAK = YES;
				CLANG_WARN_BLOCK_CAPTURE_AUTORELEASING = YES;
				CLANG_WARN_BOOL_CONVERSION = YES;
				CLANG_WARN_COMMA = YES;
				CLANG_WARN_CONSTANT_CONVERSION = YES;
				CLANG_WARN_DEPRECATED_OBJC_IMPLEMENTATIONS = YES;
				CLANG_WARN_DIRECT_OBJC_ISA_USAGE = YES_ERROR;
				CLANG_WARN_DOCUMENTATION_COMMENTS = YES;
				CLANG_WARN_EMPTY_BODY = YES;
				CLANG_WARN_ENUM_CONVERSION = YES;
				CLANG_WARN_INFINITE_RECURSION = YES;
				CLANG_WARN_INT_CONVERSION = YES;
				CLANG_WARN_NON_LITERAL_NULL_CONVERSION = YES;
				CLANG_WARN_OBJC_IMPLICIT_RETAIN_SELF = YES;
				CLANG_WARN_OBJC_LITERAL_CONVERSION = YES;
				CLANG_WARN_OBJC_ROOT_CLASS = YES_ERROR;
				CLANG_WARN_RANGE_LOOP_ANALYSIS = YES;
				CLANG_WARN_STRICT_PROTOTYPES = YES;
				CLANG_WARN_SUSPICIOUS_MOVE = YES;
				CLANG_WARN_UNGUARDED_AVAILABILITY = YES_AGGRESSIVE;
				CLANG_WARN_UNREACHABLE_CODE = YES;
				CLANG_WARN__DUPLICATE_METHOD_MATCH = YES;
				COPY_PHASE_STRIP = NO;
				DEBUG_INFORMATION_FORMAT = "dwarf-with-dsym";
				ENABLE_NS_ASSERTIONS = NO;
				ENABLE_STRICT_OBJC_MSGSEND = YES;
				GCC_C_LANGUAGE_STANDARD = gnu11;
				GCC_NO_COMMON_BLOCKS = YES;
				GCC_WARN_64_TO_32_BIT_CONVERSION = YES;
				GCC_WARN_ABOUT_RETURN_TYPE = YES_ERROR;
				GCC_WARN_UNDECLARED_SELECTOR = YES;
				GCC_WARN_UNINITIALIZED_AUTOS = YES_AGGRESSIVE;
				GCC_WARN_UNUSED_FUNCTION = YES;
				GCC_WARN_UNUSED_VARIABLE = YES;
				IPHONEOS_DEPLOYMENT_TARGET = 13.2;
				MTL_ENABLE_DEBUG_INFO = NO;
				MTL_FAST_MATH = YES;
				SDKROOT = iphoneos;
				SWIFT_COMPILATION_MODE = wholemodule;
				SWIFT_OPTIMIZATION_LEVEL = "-O";
				VALIDATE_PRODUCT = YES;
			};
			name = Release;
		};
		110B86B923ECA0D600D51523 /* Debug */ = {
			isa = XCBuildConfiguration;
			buildSettings = {
				ASSETCATALOG_COMPILER_APPICON_NAME = AppIcon;
				CODE_SIGN_STYLE = Automatic;
				DEVELOPMENT_ASSET_PATHS = "\"TopMovies/Preview Content\"";
				DEVELOPMENT_TEAM = SV29KXS645;
				ENABLE_PREVIEWS = YES;
				INFOPLIST_FILE = TopMovies/Info.plist;
				LD_RUNPATH_SEARCH_PATHS = (
					"$(inherited)",
					"@executable_path/Frameworks",
				);
				PRODUCT_BUNDLE_IDENTIFIER = glushchenko.nikita.TopMovies;
				PRODUCT_NAME = "$(TARGET_NAME)";
				SWIFT_VERSION = 5.0;
				TARGETED_DEVICE_FAMILY = "1,2";
			};
			name = Debug;
		};
		110B86BA23ECA0D600D51523 /* Release */ = {
			isa = XCBuildConfiguration;
			buildSettings = {
				ASSETCATALOG_COMPILER_APPICON_NAME = AppIcon;
				CODE_SIGN_STYLE = Automatic;
				DEVELOPMENT_ASSET_PATHS = "\"TopMovies/Preview Content\"";
				DEVELOPMENT_TEAM = SV29KXS645;
				ENABLE_PREVIEWS = YES;
				INFOPLIST_FILE = TopMovies/Info.plist;
				LD_RUNPATH_SEARCH_PATHS = (
					"$(inherited)",
					"@executable_path/Frameworks",
				);
				PRODUCT_BUNDLE_IDENTIFIER = glushchenko.nikita.TopMovies;
				PRODUCT_NAME = "$(TARGET_NAME)";
				SWIFT_VERSION = 5.0;
				TARGETED_DEVICE_FAMILY = "1,2";
			};
			name = Release;
		};
		110B86BC23ECA0D600D51523 /* Debug */ = {
			isa = XCBuildConfiguration;
			buildSettings = {
				ALWAYS_EMBED_SWIFT_STANDARD_LIBRARIES = YES;
				BUNDLE_LOADER = "$(TEST_HOST)";
				CODE_SIGN_STYLE = Automatic;
				DEVELOPMENT_TEAM = SV29KXS645;
				INFOPLIST_FILE = TopMoviesTests/Info.plist;
				IPHONEOS_DEPLOYMENT_TARGET = 13.2;
				LD_RUNPATH_SEARCH_PATHS = (
					"$(inherited)",
					"@executable_path/Frameworks",
					"@loader_path/Frameworks",
				);
				PRODUCT_BUNDLE_IDENTIFIER = glushchenko.nikita.TopMoviesTests;
				PRODUCT_NAME = "$(TARGET_NAME)";
				SWIFT_VERSION = 5.0;
				TARGETED_DEVICE_FAMILY = "1,2";
				TEST_HOST = "$(BUILT_PRODUCTS_DIR)/TopMovies.app/TopMovies";
			};
			name = Debug;
		};
		110B86BD23ECA0D600D51523 /* Release */ = {
			isa = XCBuildConfiguration;
			buildSettings = {
				ALWAYS_EMBED_SWIFT_STANDARD_LIBRARIES = YES;
				BUNDLE_LOADER = "$(TEST_HOST)";
				CODE_SIGN_STYLE = Automatic;
				DEVELOPMENT_TEAM = SV29KXS645;
				INFOPLIST_FILE = TopMoviesTests/Info.plist;
				IPHONEOS_DEPLOYMENT_TARGET = 13.2;
				LD_RUNPATH_SEARCH_PATHS = (
					"$(inherited)",
					"@executable_path/Frameworks",
					"@loader_path/Frameworks",
				);
				PRODUCT_BUNDLE_IDENTIFIER = glushchenko.nikita.TopMoviesTests;
				PRODUCT_NAME = "$(TARGET_NAME)";
				SWIFT_VERSION = 5.0;
				TARGETED_DEVICE_FAMILY = "1,2";
				TEST_HOST = "$(BUILT_PRODUCTS_DIR)/TopMovies.app/TopMovies";
			};
			name = Release;
		};
/* End XCBuildConfiguration section */

/* Begin XCConfigurationList section */
		110B869423ECA0D100D51523 /* Build configuration list for PBXProject "TopMovies" */ = {
			isa = XCConfigurationList;
			buildConfigurations = (
				110B86B623ECA0D600D51523 /* Debug */,
				110B86B723ECA0D600D51523 /* Release */,
			);
			defaultConfigurationIsVisible = 0;
			defaultConfigurationName = Release;
		};
		110B86B823ECA0D600D51523 /* Build configuration list for PBXNativeTarget "TopMovies" */ = {
			isa = XCConfigurationList;
			buildConfigurations = (
				110B86B923ECA0D600D51523 /* Debug */,
				110B86BA23ECA0D600D51523 /* Release */,
			);
			defaultConfigurationIsVisible = 0;
			defaultConfigurationName = Release;
		};
		110B86BB23ECA0D600D51523 /* Build configuration list for PBXNativeTarget "TopMoviesTests" */ = {
			isa = XCConfigurationList;
			buildConfigurations = (
				110B86BC23ECA0D600D51523 /* Debug */,
				110B86BD23ECA0D600D51523 /* Release */,
			);
			defaultConfigurationIsVisible = 0;
			defaultConfigurationName = Release;
		};
/* End XCConfigurationList section */
	};
	rootObject = 110B869123ECA0D100D51523 /* Project object */;
}
